
Microsoft Visual Studio Solution File, Format Version 12.00
# Visual Studio Version 16
VisualStudioVersion = 16.0.30011.22
MinimumVisualStudioVersion = 10.0.40219.1
Project("{FAE04EC0-301F-11D3-BF4B-00C04F79EFBC}") = "CrmBl", "CrmBl\CrmBl.csproj", "{D151521A-3F23-4B63-8B23-00D503A1B933}"
EndProject
Project("{FAE04EC0-301F-11D3-BF4B-00C04F79EFBC}") = "CrmUi", "CrmUi\CrmUi.csproj", "{08DABA37-85BA-48C7-B92E-0B9CE8494BEF}"
EndProject
Global
	GlobalSection(SolutionConfigurationPlatforms) = preSolution
		Debug|Any CPU = Debug|Any CPU
		Release|Any CPU = Release|Any CPU
	EndGlobalSection
	GlobalSection(ProjectConfigurationPlatforms) = postSolution
		{D151521A-3F23-4B63-8B23-00D503A1B933}.Debug|Any CPU.ActiveCfg = Debug|Any CPU
		{D151521A-3F23-4B63-8B23-00D503A1B933}.Debug|Any CPU.Build.0 = Debug|Any CPU
		{D151521A-3F23-4B63-8B23-00D503A1B933}.Release|Any CPU.ActiveCfg = Release|Any CPU
		{D151521A-3F23-4B63-8B23-00D503A1B933}.Release|Any CPU.Build.0 = Release|Any CPU
		{08DABA37-85BA-48C7-B92E-0B9CE8494BEF}.Debug|Any CPU.ActiveCfg = Debug|Any CPU
		{08DABA37-85BA-48C7-B92E-0B9CE8494BEF}.Debug|Any CPU.Build.0 = Debug|Any CPU
		{08DABA37-85BA-48C7-B92E-0B9CE8494BEF}.Release|Any CPU.ActiveCfg = Release|Any CPU
		{08DABA37-85BA-48C7-B92E-0B9CE8494BEF}.Release|Any CPU.Build.0 = Release|Any CPU
	EndGlobalSection
	GlobalSection(SolutionProperties) = preSolution
		HideSolutionNode = FALSE
	EndGlobalSection
	GlobalSection(ExtensibilityGlobals) = postSolution
		SolutionGuid = {6386C18A-321A-41DF-AC28-066051E5671B}
	EndGlobalSection
EndGlobal
